
Microsoft Visual Studio Solution File, Format Version 12.00
# Visual Studio Version 16
VisualStudioVersion = 16.0.30717.126
MinimumVisualStudioVersion = 10.0.40219.1
Project("{FAE04EC0-301F-11D3-BF4B-00C04F79EFBC}") = "EnglishLearningTools", "EnglishLearningTools\EnglishLearningTools.csproj", "{F03453FE-AE35-44EE-817D-2FEB5B4B9CA5}"
EndProject
Global
	GlobalSection(SolutionConfigurationPlatforms) = preSolution
		Debug|Any CPU = Debug|Any CPU
		Release|Any CPU = Release|Any CPU
	EndGlobalSection
	GlobalSection(ProjectConfigurationPlatforms) = postSolution
		{F03453FE-AE35-44EE-817D-2FEB5B4B9CA5}.Debug|Any CPU.ActiveCfg = Debug|Any CPU
		{F03453FE-AE35-44EE-817D-2FEB5B4B9CA5}.Debug|Any CPU.Build.0 = Debug|Any CPU
		{F03453FE-AE35-44EE-817D-2FEB5B4B9CA5}.Release|Any CPU.ActiveCfg = Release|Any CPU
		{F03453FE-AE35-44EE-817D-2FEB5B4B9CA5}.Release|Any CPU.Build.0 = Release|Any CPU
	EndGlobalSection
	GlobalSection(SolutionProperties) = preSolution
		HideSolutionNode = FALSE
	EndGlobalSection
	GlobalSection(ExtensibilityGlobals) = postSolution
		SolutionGuid = {2D32ADBF-B887-4BC6-800D-E5E81AA3C58E}
	EndGlobalSection
EndGlobal
